{
  "nodes": {
    "Find-Billy": {
      "flake": false,
      "locked": {
        "narHash": "sha256-NSmdbUOHylLTlmGI5P3jUBp/SQsWzpg+YoSPMzTFUiU=",
        "type": "tarball",
        "url": "https://codeberg.org/attachments/5f0815d4-2ff6-4795-bd8c-2e3534e10c4c"
      },
      "original": {
        "type": "tarball",
        "url": "https://codeberg.org/attachments/5f0815d4-2ff6-4795-bd8c-2e3534e10c4c"
      }
    },
    "Lettuce-Synthetic": {
      "inputs": {
        "flake-utils": "flake-utils",
        "nixpkgs": "nixpkgs"
      },
      "locked": {
        "narHash": "sha256-kUpzbcc4palKo5m2LXA7mmw+QhrA1V/b1SLPbmlQeS4=",
        "type": "tarball",
        "url": "https://codeberg.org/annaaurora/Lettuce-Synthetic/archive/main.tar.gz"
      },
      "original": {
        "type": "tarball",
        "url": "https://codeberg.org/annaaurora/Lettuce-Synthetic/archive/main.tar.gz"
      }
    },
    "Lyrically-Vantage": {
      "inputs": {
        "flake-utils": "flake-utils_2",
        "nixpkgs": "nixpkgs_2"
      },
      "locked": {
        "narHash": "sha256-isClJC6efSAfD4g2xnSWyLUinw5kj4915SFz3rqwDMc=",
        "type": "tarball",
        "url": "https://codeberg.org/annaaurora/Lyrically-Vantage/archive/main.tar.gz"
      },
      "original": {
        "type": "tarball",
        "url": "https://codeberg.org/annaaurora/Lyrically-Vantage/archive/main.tar.gz"
      }
    },
    "flake-utils": {
      "locked": {
        "lastModified": 1678901627,
        "narHash": "sha256-U02riOqrKKzwjsxc/400XnElV+UtPUQWpANPlyazjH0=",
        "owner": "numtide",
        "repo": "flake-utils",
        "rev": "93a2b84fc4b70d9e089d029deacc3583435c2ed6",
        "type": "github"
      },
      "original": {
        "owner": "numtide",
        "repo": "flake-utils",
        "type": "github"
      }
    },
    "flake-utils_2": {
      "locked": {
        "lastModified": 1678901627,
        "narHash": "sha256-U02riOqrKKzwjsxc/400XnElV+UtPUQWpANPlyazjH0=",
        "owner": "numtide",
        "repo": "flake-utils",
        "rev": "93a2b84fc4b70d9e089d029deacc3583435c2ed6",
        "type": "github"
      },
      "original": {
        "owner": "numtide",
        "repo": "flake-utils",
        "type": "github"
      }
    },
    "flake-utils_3": {
      "locked": {
        "lastModified": 1678901627,
        "narHash": "sha256-U02riOqrKKzwjsxc/400XnElV+UtPUQWpANPlyazjH0=",
        "owner": "numtide",
        "repo": "flake-utils",
        "rev": "93a2b84fc4b70d9e089d029deacc3583435c2ed6",
        "type": "github"
      },
      "original": {
        "owner": "numtide",
        "repo": "flake-utils",
        "type": "github"
      }
    },
    "nixpkgs": {
      "locked": {
        "lastModified": 1679705136,
        "narHash": "sha256-MDlZUR7wJ3PlPtqwwoGQr3euNOe0vdSSteVVOef7tBY=",
        "owner": "NixOS",
        "repo": "nixpkgs",
        "rev": "8f40f2f90b9c9032d1b824442cfbbe0dbabd0dbd",
        "type": "github"
      },
      "original": {
        "id": "nixpkgs",
        "ref": "nixos-unstable",
        "type": "indirect"
      }
    },
    "nixpkgs_2": {
      "locked": {
        "lastModified": 1679705136,
        "narHash": "sha256-MDlZUR7wJ3PlPtqwwoGQr3euNOe0vdSSteVVOef7tBY=",
        "owner": "NixOS",
        "repo": "nixpkgs",
        "rev": "8f40f2f90b9c9032d1b824442cfbbe0dbabd0dbd",
        "type": "github"
      },
      "original": {
        "id": "nixpkgs",
        "ref": "nixos-unstable",
        "type": "indirect"
      }
    },
    "nixpkgs_3": {
      "locked": {
        "lastModified": 1679705136,
        "narHash": "sha256-MDlZUR7wJ3PlPtqwwoGQr3euNOe0vdSSteVVOef7tBY=",
        "owner": "NixOS",
        "repo": "nixpkgs",
        "rev": "8f40f2f90b9c9032d1b824442cfbbe0dbabd0dbd",
        "type": "github"
      },
      "original": {
        "id": "nixpkgs",
        "ref": "nixos-unstable",
        "type": "indirect"
      }
    },
    "root": {
      "inputs": {
        "Find-Billy": "Find-Billy",
        "Lettuce-Synthetic": "Lettuce-Synthetic",
        "Lyrically-Vantage": "Lyrically-Vantage",
        "flake-utils": "flake-utils_3",
        "nixpkgs": "nixpkgs_3"
      }
    }
  },
  "root": "root",
  "version": 7
}
